
Microsoft Visual Studio Solution File, Format Version 12.00
# Visual Studio Version 17
VisualStudioVersion = 17.10.34928.147
MinimumVisualStudioVersion = 10.0.40219.1
Project("{FAE04EC0-301F-11D3-BF4B-00C04F79EFBC}") = "AplikacjaGeometria", "AplikacjaGeometria.csproj", "{9395C4E4-49FD-483C-8669-0DF2A515AD3F}"
EndProject
Project("{2150E333-8FDC-42A3-9474-1A3956D46DE8}") = "Modele", "Modele", "{DBC877B5-9836-45C8-9402-98BCCD6E8DF6}"
	ProjectSection(SolutionItems) = preProject
		Kolo.cs = Kolo.cs
		Prostokat.cs = Prostokat.cs
		Trojkat.cs = Trojkat.cs
	EndProjectSection
EndProject
Project("{2150E333-8FDC-42A3-9474-1A3956D46DE8}") = "Widoki", "Widoki", "{0E2B5BBE-B6D6-4DDA-85C4-B0849A342B1A}"
	ProjectSection(SolutionItems) = preProject
		WidokKolo.xaml = WidokKolo.xaml
		WidokKolo.xaml.cs = WidokKolo.xaml.cs
		WidokProstokat.xaml = WidokProstokat.xaml
		WidokProstokat.xaml.cs = WidokProstokat.xaml.cs
		WidokTrojkat.xaml = WidokTrojkat.xaml
		WidokTrojkat.xaml.cs = WidokTrojkat.xaml.cs
	EndProjectSection
EndProject
Project("{2150E333-8FDC-42A3-9474-1A3956D46DE8}") = "Kontrolery", "Kontrolery", "{68779948-F53A-4FF9-9F26-4DD2773D8352}"
EndProject
Global
	GlobalSection(SolutionConfigurationPlatforms) = preSolution
		Debug|Any CPU = Debug|Any CPU
		Release|Any CPU = Release|Any CPU
	EndGlobalSection
	GlobalSection(ProjectConfigurationPlatforms) = postSolution
		{9395C4E4-49FD-483C-8669-0DF2A515AD3F}.Debug|Any CPU.ActiveCfg = Debug|Any CPU
		{9395C4E4-49FD-483C-8669-0DF2A515AD3F}.Debug|Any CPU.Build.0 = Debug|Any CPU
		{9395C4E4-49FD-483C-8669-0DF2A515AD3F}.Release|Any CPU.ActiveCfg = Release|Any CPU
		{9395C4E4-49FD-483C-8669-0DF2A515AD3F}.Release|Any CPU.Build.0 = Release|Any CPU
	EndGlobalSection
	GlobalSection(SolutionProperties) = preSolution
		HideSolutionNode = FALSE
	EndGlobalSection
	GlobalSection(ExtensibilityGlobals) = postSolution
		SolutionGuid = {A3A48445-D11A-4168-AE79-28B643ACE70C}
	EndGlobalSection
EndGlobal
